
Microsoft Visual Studio Solution File, Format Version 12.00
# Visual Studio Version 16
VisualStudioVersion = 16.0.29806.167
MinimumVisualStudioVersion = 10.0.40219.1
Project("{9A19103F-16F7-4668-BE54-9A1E7A4F7556}") = "GameScore.SeedDB.Job", "GameScore.SeedDB.Job\GameScore.SeedDB.Job.csproj", "{AC0BE565-FA39-4FCA-AA2B-C95FC76BA56C}"
EndProject
Project("{FAE04EC0-301F-11D3-BF4B-00C04F79EFBC}") = "GameScore.EntityFramework.BL", "GameScore.EntityFramework.BL\GameScore.EntityFramework.BL.csproj", "{C32ED0F3-2CC1-4423-BCDF-C4FE85D70D63}"
EndProject
Project("{FAE04EC0-301F-11D3-BF4B-00C04F79EFBC}") = "GameScore.EntityFramework.DAL", "GameScore.EntityFramework.DAL\GameScore.EntityFramework.DAL.csproj", "{8BB5CCF4-424B-4713-A2C1-2CEE61E79EC4}"
EndProject
Global
	GlobalSection(SolutionConfigurationPlatforms) = preSolution
		Debug|Any CPU = Debug|Any CPU
		Release|Any CPU = Release|Any CPU
	EndGlobalSection
	GlobalSection(ProjectConfigurationPlatforms) = postSolution
		{AC0BE565-FA39-4FCA-AA2B-C95FC76BA56C}.Debug|Any CPU.ActiveCfg = Debug|Any CPU
		{AC0BE565-FA39-4FCA-AA2B-C95FC76BA56C}.Debug|Any CPU.Build.0 = Debug|Any CPU
		{AC0BE565-FA39-4FCA-AA2B-C95FC76BA56C}.Release|Any CPU.ActiveCfg = Release|Any CPU
		{AC0BE565-FA39-4FCA-AA2B-C95FC76BA56C}.Release|Any CPU.Build.0 = Release|Any CPU
		{C32ED0F3-2CC1-4423-BCDF-C4FE85D70D63}.Debug|Any CPU.ActiveCfg = Debug|Any CPU
		{C32ED0F3-2CC1-4423-BCDF-C4FE85D70D63}.Debug|Any CPU.Build.0 = Debug|Any CPU
		{C32ED0F3-2CC1-4423-BCDF-C4FE85D70D63}.Release|Any CPU.ActiveCfg = Release|Any CPU
		{C32ED0F3-2CC1-4423-BCDF-C4FE85D70D63}.Release|Any CPU.Build.0 = Release|Any CPU
		{8BB5CCF4-424B-4713-A2C1-2CEE61E79EC4}.Debug|Any CPU.ActiveCfg = Debug|Any CPU
		{8BB5CCF4-424B-4713-A2C1-2CEE61E79EC4}.Debug|Any CPU.Build.0 = Debug|Any CPU
		{8BB5CCF4-424B-4713-A2C1-2CEE61E79EC4}.Release|Any CPU.ActiveCfg = Release|Any CPU
		{8BB5CCF4-424B-4713-A2C1-2CEE61E79EC4}.Release|Any CPU.Build.0 = Release|Any CPU
	EndGlobalSection
	GlobalSection(SolutionProperties) = preSolution
		HideSolutionNode = FALSE
	EndGlobalSection
	GlobalSection(ExtensibilityGlobals) = postSolution
		SolutionGuid = {867D9A4D-83AD-451C-A533-1ADB19B7DB40}
	EndGlobalSection
EndGlobal
